// !$*UTF8*$!
{
	archiveVersion = 1;
	classes = {
	};
	objectVersion = 51;
	objects = {

/* Begin PBXBuildFile section */
		E627043C906A9A90906A6702 /* Pods_iMessenger.framework in Frameworks */ = {isa = PBXBuildFile; fileRef = B3C61046C9EEC46A52EF3A1C /* Pods_iMessenger.framework */; };
		F30BB53B2459235F00B373D6 /* ChatViewController.swift in Sources */ = {isa = PBXBuildFile; fileRef = F30BB53A2459235F00B373D6 /* ChatViewController.swift */; };
		F31D7D742457609F00E46B82 /* AppDelegate.swift in Sources */ = {isa = PBXBuildFile; fileRef = F31D7D732457609F00E46B82 /* AppDelegate.swift */; };
		F31D7D792457609F00E46B82 /* Main.storyboard in Resources */ = {isa = PBXBuildFile; fileRef = F31D7D772457609F00E46B82 /* Main.storyboard */; };
		F31D7D7B245760A000E46B82 /* Assets.xcassets in Resources */ = {isa = PBXBuildFile; fileRef = F31D7D7A245760A000E46B82 /* Assets.xcassets */; };
		F31D7D7E245760A000E46B82 /* LaunchScreen.storyboard in Resources */ = {isa = PBXBuildFile; fileRef = F31D7D7C245760A000E46B82 /* LaunchScreen.storyboard */; };
		F31D7D8724576CBD00E46B82 /* LoginViewController.swift in Sources */ = {isa = PBXBuildFile; fileRef = F31D7D8624576CBD00E46B82 /* LoginViewController.swift */; };
		F31D7D8924576CF500E46B82 /* LoginViewControllerExtension.swift in Sources */ = {isa = PBXBuildFile; fileRef = F31D7D8824576CF500E46B82 /* LoginViewControllerExtension.swift */; };
		F31D7D8D2457707300E46B82 /* UITextFieldExtension.swift in Sources */ = {isa = PBXBuildFile; fileRef = F31D7D8C2457707300E46B82 /* UITextFieldExtension.swift */; };
		F31D7D8F2457709C00E46B82 /* UIColorExtension.swift in Sources */ = {isa = PBXBuildFile; fileRef = F31D7D8E2457709C00E46B82 /* UIColorExtension.swift */; };
		F31D7D912457796E00E46B82 /* SignupViewController.swift in Sources */ = {isa = PBXBuildFile; fileRef = F31D7D902457796E00E46B82 /* SignupViewController.swift */; };
		F31D7D9324577AE800E46B82 /* SignupViewControllerExtension.swift in Sources */ = {isa = PBXBuildFile; fileRef = F31D7D9224577AE800E46B82 /* SignupViewControllerExtension.swift */; };
		F31D7D952457AD1A00E46B82 /* GoogleService-Info.plist in Resources */ = {isa = PBXBuildFile; fileRef = F31D7D942457AD1A00E46B82 /* GoogleService-Info.plist */; };
		F31D7D972457B95900E46B82 /* UIViewControllerExtension.swift in Sources */ = {isa = PBXBuildFile; fileRef = F31D7D962457B95900E46B82 /* UIViewControllerExtension.swift */; };
		F31D7D9B2457CC8100E46B82 /* MessagesTableViewController.swift in Sources */ = {isa = PBXBuildFile; fileRef = F31D7D9A2457CC8100E46B82 /* MessagesTableViewController.swift */; };
		F31D7DA12457DD8600E46B82 /* FirebaseClient.swift in Sources */ = {isa = PBXBuildFile; fileRef = F31D7DA02457DD8600E46B82 /* FirebaseClient.swift */; };
		F31D7DAA2457F4F300E46B82 /* User.swift in Sources */ = {isa = PBXBuildFile; fileRef = F31D7DA92457F4F300E46B82 /* User.swift */; };
		F31D7DAC2457F84200E46B82 /* NewMessageTableViewController.swift in Sources */ = {isa = PBXBuildFile; fileRef = F31D7DAB2457F84200E46B82 /* NewMessageTableViewController.swift */; };
		F31D7DAE2457FEAE00E46B82 /* UserTableViewCell.swift in Sources */ = {isa = PBXBuildFile; fileRef = F31D7DAD2457FEAE00E46B82 /* UserTableViewCell.swift */; };
		F31D7DB0245825ED00E46B82 /* MessagesTableViewControllerExtension.swift in Sources */ = {isa = PBXBuildFile; fileRef = F31D7DAF245825ED00E46B82 /* MessagesTableViewControllerExtension.swift */; };
		F3E6A5812459361F00457453 /* MessageTableViewCell.swift in Sources */ = {isa = PBXBuildFile; fileRef = F3E6A5802459361F00457453 /* MessageTableViewCell.swift */; };
		F3E6A583245942CF00457453 /* ChatViewControllerExtension.swift in Sources */ = {isa = PBXBuildFile; fileRef = F3E6A582245942CF00457453 /* ChatViewControllerExtension.swift */; };
		F3E6A5852459537600457453 /* NewMessageTableViewControllerExtension.swift in Sources */ = {isa = PBXBuildFile; fileRef = F3E6A5842459537600457453 /* NewMessageTableViewControllerExtension.swift */; };
		F3E6A58B245A32E000457453 /* Message.swift in Sources */ = {isa = PBXBuildFile; fileRef = F3E6A58A245A32E000457453 /* Message.swift */; };
		F3E6A58E245A5F2000457453 /* DateExtension.swift in Sources */ = {isa = PBXBuildFile; fileRef = F3E6A58D245A5F2000457453 /* DateExtension.swift */; };
		F3E6A590245A5F2D00457453 /* StringExtension.swift in Sources */ = {isa = PBXBuildFile; fileRef = F3E6A58F245A5F2D00457453 /* StringExtension.swift */; };
		F3E6A592245A6CD000457453 /* UIImageViewExtension.swift in Sources */ = {isa = PBXBuildFile; fileRef = F3E6A591245A6CD000457453 /* UIImageViewExtension.swift */; };
/* End PBXBuildFile section */

/* Begin PBXFileReference section */
		441123374AFA1F981D573889 /* Pods-iMessenger.release.xcconfig */ = {isa = PBXFileReference; includeInIndex = 1; lastKnownFileType = text.xcconfig; name = "Pods-iMessenger.release.xcconfig"; path = "Target Support Files/Pods-iMessenger/Pods-iMessenger.release.xcconfig"; sourceTree = "<group>"; };
		B3C61046C9EEC46A52EF3A1C /* Pods_iMessenger.framework */ = {isa = PBXFileReference; explicitFileType = wrapper.framework; includeInIndex = 0; path = Pods_iMessenger.framework; sourceTree = BUILT_PRODUCTS_DIR; };
		D712D17A96F84BE20A841C32 /* Pods-iMessenger.debug.xcconfig */ = {isa = PBXFileReference; includeInIndex = 1; lastKnownFileType = text.xcconfig; name = "Pods-iMessenger.debug.xcconfig"; path = "Target Support Files/Pods-iMessenger/Pods-iMessenger.debug.xcconfig"; sourceTree = "<group>"; };
		F30BB53A2459235F00B373D6 /* ChatViewController.swift */ = {isa = PBXFileReference; lastKnownFileType = sourcecode.swift; path = ChatViewController.swift; sourceTree = "<group>"; };
		F31D7D702457609F00E46B82 /* iMessenger.app */ = {isa = PBXFileReference; explicitFileType = wrapper.application; includeInIndex = 0; path = iMessenger.app; sourceTree = BUILT_PRODUCTS_DIR; };
		F31D7D732457609F00E46B82 /* AppDelegate.swift */ = {isa = PBXFileReference; lastKnownFileType = sourcecode.swift; path = AppDelegate.swift; sourceTree = "<group>"; };
		F31D7D782457609F00E46B82 /* Base */ = {isa = PBXFileReference; lastKnownFileType = file.storyboard; name = Base; path = Base.lproj/Main.storyboard; sourceTree = "<group>"; };
		F31D7D7A245760A000E46B82 /* Assets.xcassets */ = {isa = PBXFileReference; lastKnownFileType = folder.assetcatalog; path = Assets.xcassets; sourceTree = "<group>"; };
		F31D7D7D245760A000E46B82 /* Base */ = {isa = PBXFileReference; lastKnownFileType = file.storyboard; name = Base; path = Base.lproj/LaunchScreen.storyboard; sourceTree = "<group>"; };
		F31D7D7F245760A000E46B82 /* Info.plist */ = {isa = PBXFileReference; lastKnownFileType = text.plist.xml; path = Info.plist; sourceTree = "<group>"; };
		F31D7D8624576CBD00E46B82 /* LoginViewController.swift */ = {isa = PBXFileReference; lastKnownFileType = sourcecode.swift; path = LoginViewController.swift; sourceTree = "<group>"; };
		F31D7D8824576CF500E46B82 /* LoginViewControllerExtension.swift */ = {isa = PBXFileReference; lastKnownFileType = sourcecode.swift; path = LoginViewControllerExtension.swift; sourceTree = "<group>"; };
		F31D7D8C2457707300E46B82 /* UITextFieldExtension.swift */ = {isa = PBXFileReference; lastKnownFileType = sourcecode.swift; path = UITextFieldExtension.swift; sourceTree = "<group>"; };
		F31D7D8E2457709C00E46B82 /* UIColorExtension.swift */ = {isa = PBXFileReference; lastKnownFileType = sourcecode.swift; path = UIColorExtension.swift; sourceTree = "<group>"; };
		F31D7D902457796E00E46B82 /* SignupViewController.swift */ = {isa = PBXFileReference; lastKnownFileType = sourcecode.swift; path = SignupViewController.swift; sourceTree = "<group>"; };
		F31D7D9224577AE800E46B82 /* SignupViewControllerExtension.swift */ = {isa = PBXFileReference; lastKnownFileType = sourcecode.swift; path = SignupViewControllerExtension.swift; sourceTree = "<group>"; };
		F31D7D942457AD1A00E46B82 /* GoogleService-Info.plist */ = {isa = PBXFileReference; fileEncoding = 4; lastKnownFileType = text.plist.xml; path = "GoogleService-Info.plist"; sourceTree = "<group>"; };
		F31D7D962457B95900E46B82 /* UIViewControllerExtension.swift */ = {isa = PBXFileReference; lastKnownFileType = sourcecode.swift; path = UIViewControllerExtension.swift; sourceTree = "<group>"; };
		F31D7D9A2457CC8100E46B82 /* MessagesTableViewController.swift */ = {isa = PBXFileReference; lastKnownFileType = sourcecode.swift; path = MessagesTableViewController.swift; sourceTree = "<group>"; };
		F31D7DA02457DD8600E46B82 /* FirebaseClient.swift */ = {isa = PBXFileReference; lastKnownFileType = sourcecode.swift; path = FirebaseClient.swift; sourceTree = "<group>"; };
		F31D7DA92457F4F300E46B82 /* User.swift */ = {isa = PBXFileReference; lastKnownFileType = sourcecode.swift; path = User.swift; sourceTree = "<group>"; };
		F31D7DAB2457F84200E46B82 /* NewMessageTableViewController.swift */ = {isa = PBXFileReference; lastKnownFileType = sourcecode.swift; path = NewMessageTableViewController.swift; sourceTree = "<group>"; };
		F31D7DAD2457FEAE00E46B82 /* UserTableViewCell.swift */ = {isa = PBXFileReference; lastKnownFileType = sourcecode.swift; path = UserTableViewCell.swift; sourceTree = "<group>"; };
		F31D7DAF245825ED00E46B82 /* MessagesTableViewControllerExtension.swift */ = {isa = PBXFileReference; lastKnownFileType = sourcecode.swift; path = MessagesTableViewControllerExtension.swift; sourceTree = "<group>"; };
		F3E6A5802459361F00457453 /* MessageTableViewCell.swift */ = {isa = PBXFileReference; lastKnownFileType = sourcecode.swift; path = MessageTableViewCell.swift; sourceTree = "<group>"; };
		F3E6A582245942CF00457453 /* ChatViewControllerExtension.swift */ = {isa = PBXFileReference; lastKnownFileType = sourcecode.swift; path = ChatViewControllerExtension.swift; sourceTree = "<group>"; };
		F3E6A5842459537600457453 /* NewMessageTableViewControllerExtension.swift */ = {isa = PBXFileReference; lastKnownFileType = sourcecode.swift; path = NewMessageTableViewControllerExtension.swift; sourceTree = "<group>"; };
		F3E6A58A245A32E000457453 /* Message.swift */ = {isa = PBXFileReference; lastKnownFileType = sourcecode.swift; path = Message.swift; sourceTree = "<group>"; };
		F3E6A58D245A5F2000457453 /* DateExtension.swift */ = {isa = PBXFileReference; lastKnownFileType = sourcecode.swift; path = DateExtension.swift; sourceTree = "<group>"; };
		F3E6A58F245A5F2D00457453 /* StringExtension.swift */ = {isa = PBXFileReference; lastKnownFileType = sourcecode.swift; path = StringExtension.swift; sourceTree = "<group>"; };
		F3E6A591245A6CD000457453 /* UIImageViewExtension.swift */ = {isa = PBXFileReference; lastKnownFileType = sourcecode.swift; path = UIImageViewExtension.swift; sourceTree = "<group>"; };
/* End PBXFileReference section */

/* Begin PBXFrameworksBuildPhase section */
		F31D7D6D2457609F00E46B82 /* Frameworks */ = {
			isa = PBXFrameworksBuildPhase;
			buildActionMask = 2147483647;
			files = (
				E627043C906A9A90906A6702 /* Pods_iMessenger.framework in Frameworks */,
			);
			runOnlyForDeploymentPostprocessing = 0;
		};
/* End PBXFrameworksBuildPhase section */

/* Begin PBXGroup section */
		051BF795D15BEAE6C452D1FF /* Frameworks */ = {
			isa = PBXGroup;
			children = (
				B3C61046C9EEC46A52EF3A1C /* Pods_iMessenger.framework */,
			);
			name = Frameworks;
			sourceTree = "<group>";
		};
		BFDF30B4F0A4DEEA34FF05D1 /* Pods */ = {
			isa = PBXGroup;
			children = (
				D712D17A96F84BE20A841C32 /* Pods-iMessenger.debug.xcconfig */,
				441123374AFA1F981D573889 /* Pods-iMessenger.release.xcconfig */,
			);
			path = Pods;
			sourceTree = "<group>";
		};
		F31D7D672457609F00E46B82 = {
			isa = PBXGroup;
			children = (
				F31D7D722457609F00E46B82 /* iMessenger */,
				F31D7D712457609F00E46B82 /* Products */,
				BFDF30B4F0A4DEEA34FF05D1 /* Pods */,
				051BF795D15BEAE6C452D1FF /* Frameworks */,
			);
			sourceTree = "<group>";
		};
		F31D7D712457609F00E46B82 /* Products */ = {
			isa = PBXGroup;
			children = (
				F31D7D702457609F00E46B82 /* iMessenger.app */,
			);
			name = Products;
			sourceTree = "<group>";
		};
		F31D7D722457609F00E46B82 /* iMessenger */ = {
			isa = PBXGroup;
			children = (
				F31D7D732457609F00E46B82 /* AppDelegate.swift */,
				F31D7D9E2457DD6700E46B82 /* Model */,
				F3E6A58C245A5EFA00457453 /* Extensions */,
				F31D7D8A2457705700E46B82 /* Views */,
				F31D7D8524576CA100E46B82 /* Controllers */,
				F31D7D772457609F00E46B82 /* Main.storyboard */,
				F31D7D7A245760A000E46B82 /* Assets.xcassets */,
				F31D7D7C245760A000E46B82 /* LaunchScreen.storyboard */,
				F31D7D7F245760A000E46B82 /* Info.plist */,
				F31D7D942457AD1A00E46B82 /* GoogleService-Info.plist */,
			);
			path = iMessenger;
			sourceTree = "<group>";
		};
		F31D7D8524576CA100E46B82 /* Controllers */ = {
			isa = PBXGroup;
			children = (
				F3E6A586245955AE00457453 /* Login-Signup */,
				F3E6A587245955DD00457453 /* NewMessage */,
				F3E6A5892459563B00457453 /* MessagesLog */,
				F3E6A5882459561D00457453 /* Chat */,
			);
			path = Controllers;
			sourceTree = "<group>";
		};
		F31D7D8A2457705700E46B82 /* Views */ = {
			isa = PBXGroup;
			children = (
				F31D7D8C2457707300E46B82 /* UITextFieldExtension.swift */,
				F31D7D8E2457709C00E46B82 /* UIColorExtension.swift */,
				F31D7D962457B95900E46B82 /* UIViewControllerExtension.swift */,
				F31D7DAD2457FEAE00E46B82 /* UserTableViewCell.swift */,
			);
			path = Views;
			sourceTree = "<group>";
		};
		F31D7D9E2457DD6700E46B82 /* Model */ = {
			isa = PBXGroup;
			children = (
				F31D7D9F2457DD7500E46B82 /* Firebase */,
				F31D7DA92457F4F300E46B82 /* User.swift */,
				F3E6A58A245A32E000457453 /* Message.swift */,
			);
			path = Model;
			sourceTree = "<group>";
		};
		F31D7D9F2457DD7500E46B82 /* Firebase */ = {
			isa = PBXGroup;
			children = (
				F31D7DA02457DD8600E46B82 /* FirebaseClient.swift */,
			);
			path = Firebase;
			sourceTree = "<group>";
		};
		F3E6A586245955AE00457453 /* Login-Signup */ = {
			isa = PBXGroup;
			children = (
				F31D7D8624576CBD00E46B82 /* LoginViewController.swift */,
				F31D7D8824576CF500E46B82 /* LoginViewControllerExtension.swift */,
				F31D7D902457796E00E46B82 /* SignupViewController.swift */,
				F31D7D9224577AE800E46B82 /* SignupViewControllerExtension.swift */,
			);
			path = "Login-Signup";
			sourceTree = "<group>";
		};
		F3E6A587245955DD00457453 /* NewMessage */ = {
			isa = PBXGroup;
			children = (
				F31D7DAB2457F84200E46B82 /* NewMessageTableViewController.swift */,
				F3E6A5842459537600457453 /* NewMessageTableViewControllerExtension.swift */,
			);
			path = NewMessage;
			sourceTree = "<group>";
		};
		F3E6A5882459561D00457453 /* Chat */ = {
			isa = PBXGroup;
			children = (
				F30BB53A2459235F00B373D6 /* ChatViewController.swift */,
				F3E6A582245942CF00457453 /* ChatViewControllerExtension.swift */,
				F3E6A5802459361F00457453 /* MessageTableViewCell.swift */,
			);
			path = Chat;
			sourceTree = "<group>";
		};
		F3E6A5892459563B00457453 /* MessagesLog */ = {
			isa = PBXGroup;
			children = (
				F31D7D9A2457CC8100E46B82 /* MessagesTableViewController.swift */,
				F31D7DAF245825ED00E46B82 /* MessagesTableViewControllerExtension.swift */,
			);
			path = MessagesLog;
			sourceTree = "<group>";
		};
		F3E6A58C245A5EFA00457453 /* Extensions */ = {
			isa = PBXGroup;
			children = (
				F3E6A58D245A5F2000457453 /* DateExtension.swift */,
				F3E6A58F245A5F2D00457453 /* StringExtension.swift */,
				F3E6A591245A6CD000457453 /* UIImageViewExtension.swift */,
			);
			path = Extensions;
			sourceTree = "<group>";
		};
/* End PBXGroup section */

/* Begin PBXNativeTarget section */
		F31D7D6F2457609F00E46B82 /* iMessenger */ = {
			isa = PBXNativeTarget;
			buildConfigurationList = F31D7D82245760A000E46B82 /* Build configuration list for PBXNativeTarget "iMessenger" */;
			buildPhases = (
				B5F2008860728351027F7A54 /* [CP] Check Pods Manifest.lock */,
				F31D7D6C2457609F00E46B82 /* Sources */,
				F31D7D6D2457609F00E46B82 /* Frameworks */,
				F31D7D6E2457609F00E46B82 /* Resources */,
				62E3FE2A33D05DF611E7B3AF /* [CP] Embed Pods Frameworks */,
			);
			buildRules = (
			);
			dependencies = (
			);
			name = iMessenger;
			productName = iMessenger;
			productReference = F31D7D702457609F00E46B82 /* iMessenger.app */;
			productType = "com.apple.product-type.application";
		};
/* End PBXNativeTarget section */

/* Begin PBXProject section */
		F31D7D682457609F00E46B82 /* Project object */ = {
			isa = PBXProject;
			attributes = {
				LastSwiftUpdateCheck = 1010;
				LastUpgradeCheck = 1010;
				ORGANIZATIONNAME = "Rowan Hisham";
				TargetAttributes = {
					F31D7D6F2457609F00E46B82 = {
						CreatedOnToolsVersion = 10.1;
					};
				};
			};
			buildConfigurationList = F31D7D6B2457609F00E46B82 /* Build configuration list for PBXProject "iMessenger" */;
			compatibilityVersion = "Xcode 9.3";
			developmentRegion = en;
			hasScannedForEncodings = 0;
			knownRegions = (
				en,
				Base,
			);
			mainGroup = F31D7D672457609F00E46B82;
			productRefGroup = F31D7D712457609F00E46B82 /* Products */;
			projectDirPath = "";
			projectRoot = "";
			targets = (
				F31D7D6F2457609F00E46B82 /* iMessenger */,
			);
		};
/* End PBXProject section */

/* Begin PBXResourcesBuildPhase section */
		F31D7D6E2457609F00E46B82 /* Resources */ = {
			isa = PBXResourcesBuildPhase;
			buildActionMask = 2147483647;
			files = (
				F31D7D7E245760A000E46B82 /* LaunchScreen.storyboard in Resources */,
				F31D7D952457AD1A00E46B82 /* GoogleService-Info.plist in Resources */,
				F31D7D7B245760A000E46B82 /* Assets.xcassets in Resources */,
				F31D7D792457609F00E46B82 /* Main.storyboard in Resources */,
			);
			runOnlyForDeploymentPostprocessing = 0;
		};
/* End PBXResourcesBuildPhase section */

/* Begin PBXShellScriptBuildPhase section */
		62E3FE2A33D05DF611E7B3AF /* [CP] Embed Pods Frameworks */ = {
			isa = PBXShellScriptBuildPhase;
			buildActionMask = 2147483647;
			files = (
			);
			inputFileListPaths = (
				"${PODS_ROOT}/Target Support Files/Pods-iMessenger/Pods-iMessenger-frameworks-${CONFIGURATION}-input-files.xcfilelist",
			);
			name = "[CP] Embed Pods Frameworks";
			outputFileListPaths = (
				"${PODS_ROOT}/Target Support Files/Pods-iMessenger/Pods-iMessenger-frameworks-${CONFIGURATION}-output-files.xcfilelist",
			);
			runOnlyForDeploymentPostprocessing = 0;
			shellPath = /bin/sh;
			shellScript = "\"${PODS_ROOT}/Target Support Files/Pods-iMessenger/Pods-iMessenger-frameworks.sh\"\n";
			showEnvVarsInLog = 0;
		};
		B5F2008860728351027F7A54 /* [CP] Check Pods Manifest.lock */ = {
			isa = PBXShellScriptBuildPhase;
			buildActionMask = 2147483647;
			files = (
			);
			inputFileListPaths = (
			);
			inputPaths = (
				"${PODS_PODFILE_DIR_PATH}/Podfile.lock",
				"${PODS_ROOT}/Manifest.lock",
			);
			name = "[CP] Check Pods Manifest.lock";
			outputFileListPaths = (
			);
			outputPaths = (
				"$(DERIVED_FILE_DIR)/Pods-iMessenger-checkManifestLockResult.txt",
			);
			runOnlyForDeploymentPostprocessing = 0;
			shellPath = /bin/sh;
			shellScript = "diff \"${PODS_PODFILE_DIR_PATH}/Podfile.lock\" \"${PODS_ROOT}/Manifest.lock\" > /dev/null\nif [ $? != 0 ] ; then\n    # print error to STDERR\n    echo \"error: The sandbox is not in sync with the Podfile.lock. Run 'pod install' or update your CocoaPods installation.\" >&2\n    exit 1\nfi\n# This output is used by Xcode 'outputs' to avoid re-running this script phase.\necho \"SUCCESS\" > \"${SCRIPT_OUTPUT_FILE_0}\"\n";
			showEnvVarsInLog = 0;
		};
/* End PBXShellScriptBuildPhase section */

/* Begin PBXSourcesBuildPhase section */
		F31D7D6C2457609F00E46B82 /* Sources */ = {
			isa = PBXSourcesBuildPhase;
			buildActionMask = 2147483647;
			files = (
				F31D7D9324577AE800E46B82 /* SignupViewControllerExtension.swift in Sources */,
				F3E6A58E245A5F2000457453 /* DateExtension.swift in Sources */,
				F31D7D8724576CBD00E46B82 /* LoginViewController.swift in Sources */,
				F30BB53B2459235F00B373D6 /* ChatViewController.swift in Sources */,
				F31D7D972457B95900E46B82 /* UIViewControllerExtension.swift in Sources */,
				F31D7D912457796E00E46B82 /* SignupViewController.swift in Sources */,
				F3E6A592245A6CD000457453 /* UIImageViewExtension.swift in Sources */,
				F31D7DAE2457FEAE00E46B82 /* UserTableViewCell.swift in Sources */,
				F31D7DB0245825ED00E46B82 /* MessagesTableViewControllerExtension.swift in Sources */,
				F3E6A590245A5F2D00457453 /* StringExtension.swift in Sources */,
				F31D7D8924576CF500E46B82 /* LoginViewControllerExtension.swift in Sources */,
				F31D7D8D2457707300E46B82 /* UITextFieldExtension.swift in Sources */,
				F31D7DA12457DD8600E46B82 /* FirebaseClient.swift in Sources */,
				F31D7DAA2457F4F300E46B82 /* User.swift in Sources */,
				F3E6A5852459537600457453 /* NewMessageTableViewControllerExtension.swift in Sources */,
				F31D7D742457609F00E46B82 /* AppDelegate.swift in Sources */,
				F31D7D9B2457CC8100E46B82 /* MessagesTableViewController.swift in Sources */,
				F3E6A5812459361F00457453 /* MessageTableViewCell.swift in Sources */,
				F31D7D8F2457709C00E46B82 /* UIColorExtension.swift in Sources */,
				F31D7DAC2457F84200E46B82 /* NewMessageTableViewController.swift in Sources */,
				F3E6A58B245A32E000457453 /* Message.swift in Sources */,
				F3E6A583245942CF00457453 /* ChatViewControllerExtension.swift in Sources */,
			);
			runOnlyForDeploymentPostprocessing = 0;
		};
/* End PBXSourcesBuildPhase section */

/* Begin PBXVariantGroup section */
		F31D7D772457609F00E46B82 /* Main.storyboard */ = {
			isa = PBXVariantGroup;
			children = (
				F31D7D782457609F00E46B82 /* Base */,
			);
			name = Main.storyboard;
			sourceTree = "<group>";
		};
		F31D7D7C245760A000E46B82 /* LaunchScreen.storyboard */ = {
			isa = PBXVariantGroup;
			children = (
				F31D7D7D245760A000E46B82 /* Base */,
			);
			name = LaunchScreen.storyboard;
			sourceTree = "<group>";
		};
/* End PBXVariantGroup section */

/* Begin XCBuildConfiguration section */
		F31D7D80245760A000E46B82 /* Debug */ = {
			isa = XCBuildConfiguration;
			buildSettings = {
				ALWAYS_SEARCH_USER_PATHS = NO;
				CLANG_ANALYZER_NONNULL = YES;
				CLANG_ANALYZER_NUMBER_OBJECT_CONVERSION = YES_AGGRESSIVE;
				CLANG_CXX_LANGUAGE_STANDARD = "gnu++14";
				CLANG_CXX_LIBRARY = "libc++";
				CLANG_ENABLE_MODULES = YES;
				CLANG_ENABLE_OBJC_ARC = YES;
				CLANG_ENABLE_OBJC_WEAK = YES;
				CLANG_WARN_BLOCK_CAPTURE_AUTORELEASING = YES;
				CLANG_WARN_BOOL_CONVERSION = YES;
				CLANG_WARN_COMMA = YES;
				CLANG_WARN_CONSTANT_CONVERSION = YES;
				CLANG_WARN_DEPRECATED_OBJC_IMPLEMENTATIONS = YES;
				CLANG_WARN_DIRECT_OBJC_ISA_USAGE = YES_ERROR;
				CLANG_WARN_DOCUMENTATION_COMMENTS = YES;
				CLANG_WARN_EMPTY_BODY = YES;
				CLANG_WARN_ENUM_CONVERSION = YES;
				CLANG_WARN_INFINITE_RECURSION = YES;
				CLANG_WARN_INT_CONVERSION = YES;
				CLANG_WARN_NON_LITERAL_NULL_CONVERSION = YES;
				CLANG_WARN_OBJC_IMPLICIT_RETAIN_SELF = YES;
				CLANG_WARN_OBJC_LITERAL_CONVERSION = YES;
				CLANG_WARN_OBJC_ROOT_CLASS = YES_ERROR;
				CLANG_WARN_RANGE_LOOP_ANALYSIS = YES;
				CLANG_WARN_STRICT_PROTOTYPES = YES;
				CLANG_WARN_SUSPICIOUS_MOVE = YES;
				CLANG_WARN_UNGUARDED_AVAILABILITY = YES_AGGRESSIVE;
				CLANG_WARN_UNREACHABLE_CODE = YES;
				CLANG_WARN__DUPLICATE_METHOD_MATCH = YES;
				CODE_SIGN_IDENTITY = "iPhone Developer";
				COPY_PHASE_STRIP = NO;
				DEBUG_INFORMATION_FORMAT = dwarf;
				ENABLE_STRICT_OBJC_MSGSEND = YES;
				ENABLE_TESTABILITY = YES;
				GCC_C_LANGUAGE_STANDARD = gnu11;
				GCC_DYNAMIC_NO_PIC = NO;
				GCC_NO_COMMON_BLOCKS = YES;
				GCC_OPTIMIZATION_LEVEL = 0;
				GCC_PREPROCESSOR_DEFINITIONS = (
					"DEBUG=1",
					"$(inherited)",
				);
				GCC_WARN_64_TO_32_BIT_CONVERSION = YES;
				GCC_WARN_ABOUT_RETURN_TYPE = YES_ERROR;
				GCC_WARN_UNDECLARED_SELECTOR = YES;
				GCC_WARN_UNINITIALIZED_AUTOS = YES_AGGRESSIVE;
				GCC_WARN_UNUSED_FUNCTION = YES;
				GCC_WARN_UNUSED_VARIABLE = YES;
				IPHONEOS_DEPLOYMENT_TARGET = 12.1;
				MTL_ENABLE_DEBUG_INFO = INCLUDE_SOURCE;
				MTL_FAST_MATH = YES;
				ONLY_ACTIVE_ARCH = YES;
				SDKROOT = iphoneos;
				SWIFT_ACTIVE_COMPILATION_CONDITIONS = DEBUG;
				SWIFT_OPTIMIZATION_LEVEL = "-Onone";
			};
			name = Debug;
		};
		F31D7D81245760A000E46B82 /* Release */ = {
			isa = XCBuildConfiguration;
			buildSettings = {
				ALWAYS_SEARCH_USER_PATHS = NO;
				CLANG_ANALYZER_NONNULL = YES;
				CLANG_ANALYZER_NUMBER_OBJECT_CONVERSION = YES_AGGRESSIVE;
				CLANG_CXX_LANGUAGE_STANDARD = "gnu++14";
				CLANG_CXX_LIBRARY = "libc++";
				CLANG_ENABLE_MODULES = YES;
				CLANG_ENABLE_OBJC_ARC = YES;
				CLANG_ENABLE_OBJC_WEAK = YES;
				CLANG_WARN_BLOCK_CAPTURE_AUTORELEASING = YES;
				CLANG_WARN_BOOL_CONVERSION = YES;
				CLANG_WARN_COMMA = YES;
				CLANG_WARN_CONSTANT_CONVERSION = YES;
				CLANG_WARN_DEPRECATED_OBJC_IMPLEMENTATIONS = YES;
				CLANG_WARN_DIRECT_OBJC_ISA_USAGE = YES_ERROR;
				CLANG_WARN_DOCUMENTATION_COMMENTS = YES;
				CLANG_WARN_EMPTY_BODY = YES;
				CLANG_WARN_ENUM_CONVERSION = YES;
				CLANG_WARN_INFINITE_RECURSION = YES;
				CLANG_WARN_INT_CONVERSION = YES;
				CLANG_WARN_NON_LITERAL_NULL_CONVERSION = YES;
				CLANG_WARN_OBJC_IMPLICIT_RETAIN_SELF = YES;
				CLANG_WARN_OBJC_LITERAL_CONVERSION = YES;
				CLANG_WARN_OBJC_ROOT_CLASS = YES_ERROR;
				CLANG_WARN_RANGE_LOOP_ANALYSIS = YES;
				CLANG_WARN_STRICT_PROTOTYPES = YES;
				CLANG_WARN_SUSPICIOUS_MOVE = YES;
				CLANG_WARN_UNGUARDED_AVAILABILITY = YES_AGGRESSIVE;
				CLANG_WARN_UNREACHABLE_CODE = YES;
				CLANG_WARN__DUPLICATE_METHOD_MATCH = YES;
				CODE_SIGN_IDENTITY = "iPhone Developer";
				COPY_PHASE_STRIP = NO;
				DEBUG_INFORMATION_FORMAT = "dwarf-with-dsym";
				ENABLE_NS_ASSERTIONS = NO;
				ENABLE_STRICT_OBJC_MSGSEND = YES;
				GCC_C_LANGUAGE_STANDARD = gnu11;
				GCC_NO_COMMON_BLOCKS = YES;
				GCC_WARN_64_TO_32_BIT_CONVERSION = YES;
				GCC_WARN_ABOUT_RETURN_TYPE = YES_ERROR;
				GCC_WARN_UNDECLARED_SELECTOR = YES;
				GCC_WARN_UNINITIALIZED_AUTOS = YES_AGGRESSIVE;
				GCC_WARN_UNUSED_FUNCTION = YES;
				GCC_WARN_UNUSED_VARIABLE = YES;
				IPHONEOS_DEPLOYMENT_TARGET = 12.1;
				MTL_ENABLE_DEBUG_INFO = NO;
				MTL_FAST_MATH = YES;
				SDKROOT = iphoneos;
				SWIFT_COMPILATION_MODE = wholemodule;
				SWIFT_OPTIMIZATION_LEVEL = "-O";
				VALIDATE_PRODUCT = YES;
			};
			name = Release;
		};
		F31D7D83245760A000E46B82 /* Debug */ = {
			isa = XCBuildConfiguration;
			baseConfigurationReference = D712D17A96F84BE20A841C32 /* Pods-iMessenger.debug.xcconfig */;
			buildSettings = {
				ASSETCATALOG_COMPILER_APPICON_NAME = AppIcon;
				CODE_SIGN_STYLE = Automatic;
				INFOPLIST_FILE = iMessenger/Info.plist;
				LD_RUNPATH_SEARCH_PATHS = (
					"$(inherited)",
					"@executable_path/Frameworks",
				);
				PRODUCT_BUNDLE_IDENTIFIER = Rowan.iMessenger;
				PRODUCT_NAME = "$(TARGET_NAME)";
				SWIFT_VERSION = 4.2;
				TARGETED_DEVICE_FAMILY = "1,2";
			};
			name = Debug;
		};
		F31D7D84245760A000E46B82 /* Release */ = {
			isa = XCBuildConfiguration;
			baseConfigurationReference = 441123374AFA1F981D573889 /* Pods-iMessenger.release.xcconfig */;
			buildSettings = {
				ASSETCATALOG_COMPILER_APPICON_NAME = AppIcon;
				CODE_SIGN_STYLE = Automatic;
				INFOPLIST_FILE = iMessenger/Info.plist;
				LD_RUNPATH_SEARCH_PATHS = (
					"$(inherited)",
					"@executable_path/Frameworks",
				);
				PRODUCT_BUNDLE_IDENTIFIER = Rowan.iMessenger;
				PRODUCT_NAME = "$(TARGET_NAME)";
				SWIFT_VERSION = 4.2;
				TARGETED_DEVICE_FAMILY = "1,2";
			};
			name = Release;
		};
/* End XCBuildConfiguration section */

/* Begin XCConfigurationList section */
		F31D7D6B2457609F00E46B82 /* Build configuration list for PBXProject "iMessenger" */ = {
			isa = XCConfigurationList;
			buildConfigurations = (
				F31D7D80245760A000E46B82 /* Debug */,
				F31D7D81245760A000E46B82 /* Release */,
			);
			defaultConfigurationIsVisible = 0;
			defaultConfigurationName = Release;
		};
		F31D7D82245760A000E46B82 /* Build configuration list for PBXNativeTarget "iMessenger" */ = {
			isa = XCConfigurationList;
			buildConfigurations = (
				F31D7D83245760A000E46B82 /* Debug */,
				F31D7D84245760A000E46B82 /* Release */,
			);
			defaultConfigurationIsVisible = 0;
			defaultConfigurationName = Release;
		};
/* End XCConfigurationList section */
	};
	rootObject = F31D7D682457609F00E46B82 /* Project object */;
}
